
Microsoft Visual Studio Solution File, Format Version 12.00
# Visual Studio Version 17
VisualStudioVersion = 17.0.32014.148
MinimumVisualStudioVersion = 10.0.40219.1
Project("{9A19103F-16F7-4668-BE54-9A1E7A4F7556}") = "BulkyBookWeb", "BulkyBookWeb\BulkyBookWeb.csproj", "{346AEEF1-3DC0-451D-A0D9-81FD017D8FF3}"
EndProject
Project("{9A19103F-16F7-4668-BE54-9A1E7A4F7556}") = "BulkyBook.Utility", "BulkyBook.Utility\BulkyBook.Utility.csproj", "{D13AE277-79F6-4126-AB49-7394D681D659}"
EndProject
Project("{9A19103F-16F7-4668-BE54-9A1E7A4F7556}") = "BulkyBook.Models", "BulkyBook.Models\BulkyBook.Models.csproj", "{D9044F50-8C35-4DD6-8166-310345E73897}"
EndProject
Project("{9A19103F-16F7-4668-BE54-9A1E7A4F7556}") = "BulkyBook.DataAccess", "BulkyBook.DataAccess\BulkyBook.DataAccess.csproj", "{C00A0603-A4C6-464C-B92C-4A7A72E0006D}"
EndProject
Global
	GlobalSection(SolutionConfigurationPlatforms) = preSolution
		Debug|Any CPU = Debug|Any CPU
		Release|Any CPU = Release|Any CPU
	EndGlobalSection
	GlobalSection(ProjectConfigurationPlatforms) = postSolution
		{346AEEF1-3DC0-451D-A0D9-81FD017D8FF3}.Debug|Any CPU.ActiveCfg = Debug|Any CPU
		{346AEEF1-3DC0-451D-A0D9-81FD017D8FF3}.Debug|Any CPU.Build.0 = Debug|Any CPU
		{346AEEF1-3DC0-451D-A0D9-81FD017D8FF3}.Release|Any CPU.ActiveCfg = Release|Any CPU
		{346AEEF1-3DC0-451D-A0D9-81FD017D8FF3}.Release|Any CPU.Build.0 = Release|Any CPU
		{D13AE277-79F6-4126-AB49-7394D681D659}.Debug|Any CPU.ActiveCfg = Debug|Any CPU
		{D13AE277-79F6-4126-AB49-7394D681D659}.Debug|Any CPU.Build.0 = Debug|Any CPU
		{D13AE277-79F6-4126-AB49-7394D681D659}.Release|Any CPU.ActiveCfg = Release|Any CPU
		{D13AE277-79F6-4126-AB49-7394D681D659}.Release|Any CPU.Build.0 = Release|Any CPU
		{D9044F50-8C35-4DD6-8166-310345E73897}.Debug|Any CPU.ActiveCfg = Debug|Any CPU
		{D9044F50-8C35-4DD6-8166-310345E73897}.Debug|Any CPU.Build.0 = Debug|Any CPU
		{D9044F50-8C35-4DD6-8166-310345E73897}.Release|Any CPU.ActiveCfg = Release|Any CPU
		{D9044F50-8C35-4DD6-8166-310345E73897}.Release|Any CPU.Build.0 = Release|Any CPU
		{C00A0603-A4C6-464C-B92C-4A7A72E0006D}.Debug|Any CPU.ActiveCfg = Debug|Any CPU
		{C00A0603-A4C6-464C-B92C-4A7A72E0006D}.Debug|Any CPU.Build.0 = Debug|Any CPU
		{C00A0603-A4C6-464C-B92C-4A7A72E0006D}.Release|Any CPU.ActiveCfg = Release|Any CPU
		{C00A0603-A4C6-464C-B92C-4A7A72E0006D}.Release|Any CPU.Build.0 = Release|Any CPU
	EndGlobalSection
	GlobalSection(SolutionProperties) = preSolution
		HideSolutionNode = FALSE
	EndGlobalSection
	GlobalSection(ExtensibilityGlobals) = postSolution
		SolutionGuid = {7D46A824-0BA4-4D8F-AE1E-CA80132F617F}
	EndGlobalSection
EndGlobal
